
Microsoft Visual Studio Solution File, Format Version 12.00
# Visual Studio Version 17
VisualStudioVersion = 17.14.36518.9 d17.14
MinimumVisualStudioVersion = 10.0.40219.1
Project("{FAE04EC0-301F-11D3-BF4B-00C04F79EFBC}") = "HW6", "HW6.csproj", "{9E6FD5EC-6719-4B59-82A8-4382ABF9A361}"
EndProject
Global
	GlobalSection(SolutionConfigurationPlatforms) = preSolution
		Debug|Any CPU = Debug|Any CPU
		Release|Any CPU = Release|Any CPU
	EndGlobalSection
	GlobalSection(ProjectConfigurationPlatforms) = postSolution
		{9E6FD5EC-6719-4B59-82A8-4382ABF9A361}.Debug|Any CPU.ActiveCfg = Debug|Any CPU
		{9E6FD5EC-6719-4B59-82A8-4382ABF9A361}.Debug|Any CPU.Build.0 = Debug|Any CPU
		{9E6FD5EC-6719-4B59-82A8-4382ABF9A361}.Release|Any CPU.ActiveCfg = Release|Any CPU
		{9E6FD5EC-6719-4B59-82A8-4382ABF9A361}.Release|Any CPU.Build.0 = Release|Any CPU
	EndGlobalSection
	GlobalSection(SolutionProperties) = preSolution
		HideSolutionNode = FALSE
	EndGlobalSection
	GlobalSection(ExtensibilityGlobals) = postSolution
		SolutionGuid = {A393A4EF-F16A-43CF-8938-AB758CD469A3}
	EndGlobalSection
EndGlobal
