
Microsoft Visual Studio Solution File, Format Version 12.00
# Visual Studio Version 17
VisualStudioVersion = 17.14.36603.0 d17.14
MinimumVisualStudioVersion = 10.0.40219.1
Project("{FAE04EC0-301F-11D3-BF4B-00C04F79EFBC}") = "HW9", "HW9.csproj", "{BC767CA7-972B-4119-96F3-054795DFBED3}"
EndProject
Project("{FAE04EC0-301F-11D3-BF4B-00C04F79EFBC}") = "HW9A", "HW9A\HW9A.csproj", "{921CCCC3-0BA2-4542-83CF-D7B438B1F271}"
EndProject
Global
	GlobalSection(SolutionConfigurationPlatforms) = preSolution
		Debug|Any CPU = Debug|Any CPU
		Release|Any CPU = Release|Any CPU
	EndGlobalSection
	GlobalSection(ProjectConfigurationPlatforms) = postSolution
		{BC767CA7-972B-4119-96F3-054795DFBED3}.Debug|Any CPU.ActiveCfg = Debug|Any CPU
		{BC767CA7-972B-4119-96F3-054795DFBED3}.Debug|Any CPU.Build.0 = Debug|Any CPU
		{BC767CA7-972B-4119-96F3-054795DFBED3}.Release|Any CPU.ActiveCfg = Release|Any CPU
		{BC767CA7-972B-4119-96F3-054795DFBED3}.Release|Any CPU.Build.0 = Release|Any CPU
		{921CCCC3-0BA2-4542-83CF-D7B438B1F271}.Debug|Any CPU.ActiveCfg = Debug|Any CPU
		{921CCCC3-0BA2-4542-83CF-D7B438B1F271}.Debug|Any CPU.Build.0 = Debug|Any CPU
		{921CCCC3-0BA2-4542-83CF-D7B438B1F271}.Release|Any CPU.ActiveCfg = Release|Any CPU
		{921CCCC3-0BA2-4542-83CF-D7B438B1F271}.Release|Any CPU.Build.0 = Release|Any CPU
	EndGlobalSection
	GlobalSection(SolutionProperties) = preSolution
		HideSolutionNode = FALSE
	EndGlobalSection
	GlobalSection(ExtensibilityGlobals) = postSolution
		SolutionGuid = {FA023144-7DC8-4FBA-B765-A393728425B1}
	EndGlobalSection
EndGlobal
